
Microsoft Visual Studio Solution File, Format Version 12.00
# Visual Studio 15
VisualStudioVersion = 15.0.28307.645
MinimumVisualStudioVersion = 10.0.40219.1
Project("{FAE04EC0-301F-11D3-BF4B-00C04F79EFBC}") = "webappUno", "webappUno\webappUno.csproj", "{B1610B1A-75A3-4666-B1A0-A783D79AE08D}"
EndProject
Project("{FAE04EC0-301F-11D3-BF4B-00C04F79EFBC}") = "webapiUno", "webapiUno\webapiUno.csproj", "{D4DE7F1F-4C4F-4994-8119-D55DCA1926E8}"
EndProject
Global
	GlobalSection(SolutionConfigurationPlatforms) = preSolution
		Debug|Any CPU = Debug|Any CPU
		Release|Any CPU = Release|Any CPU
	EndGlobalSection
	GlobalSection(ProjectConfigurationPlatforms) = postSolution
		{B1610B1A-75A3-4666-B1A0-A783D79AE08D}.Debug|Any CPU.ActiveCfg = Debug|Any CPU
		{B1610B1A-75A3-4666-B1A0-A783D79AE08D}.Debug|Any CPU.Build.0 = Debug|Any CPU
		{B1610B1A-75A3-4666-B1A0-A783D79AE08D}.Release|Any CPU.ActiveCfg = Release|Any CPU
		{B1610B1A-75A3-4666-B1A0-A783D79AE08D}.Release|Any CPU.Build.0 = Release|Any CPU
		{D4DE7F1F-4C4F-4994-8119-D55DCA1926E8}.Debug|Any CPU.ActiveCfg = Debug|Any CPU
		{D4DE7F1F-4C4F-4994-8119-D55DCA1926E8}.Debug|Any CPU.Build.0 = Debug|Any CPU
		{D4DE7F1F-4C4F-4994-8119-D55DCA1926E8}.Release|Any CPU.ActiveCfg = Release|Any CPU
		{D4DE7F1F-4C4F-4994-8119-D55DCA1926E8}.Release|Any CPU.Build.0 = Release|Any CPU
	EndGlobalSection
	GlobalSection(SolutionProperties) = preSolution
		HideSolutionNode = FALSE
	EndGlobalSection
	GlobalSection(ExtensibilityGlobals) = postSolution
		SolutionGuid = {B474C61C-C7F5-44A3-A99B-8AA539C6855D}
	EndGlobalSection
EndGlobal
